
Microsoft Visual Studio Solution File, Format Version 12.00
# Visual Studio Version 16
VisualStudioVersion = 16.0.29613.14
MinimumVisualStudioVersion = 10.0.40219.1
Project("{FAE04EC0-301F-11D3-BF4B-00C04F79EFBC}") = "MVCApp", "MVCApp.csproj", "{7F2F9303-5E80-4CF8-BDFB-2D4325206E94}"
EndProject
Global
	GlobalSection(SolutionConfigurationPlatforms) = preSolution
		Debug|Any CPU = Debug|Any CPU
		Release|Any CPU = Release|Any CPU
	EndGlobalSection
	GlobalSection(ProjectConfigurationPlatforms) = postSolution
		{7F2F9303-5E80-4CF8-BDFB-2D4325206E94}.Debug|Any CPU.ActiveCfg = Debug|Any CPU
		{7F2F9303-5E80-4CF8-BDFB-2D4325206E94}.Debug|Any CPU.Build.0 = Debug|Any CPU
		{7F2F9303-5E80-4CF8-BDFB-2D4325206E94}.Release|Any CPU.ActiveCfg = Release|Any CPU
		{7F2F9303-5E80-4CF8-BDFB-2D4325206E94}.Release|Any CPU.Build.0 = Release|Any CPU
	EndGlobalSection
	GlobalSection(SolutionProperties) = preSolution
		HideSolutionNode = FALSE
	EndGlobalSection
	GlobalSection(ExtensibilityGlobals) = postSolution
		SolutionGuid = {89F5E54C-1CE0-4BBD-AFF5-10331BCD6FC1}
	EndGlobalSection
EndGlobal
